// !$*UTF8*$!
{
	archiveVersion = 1;
	classes = {
	};
	objectVersion = 46;
	objects = {

/* Begin PBXBuildFile section */
		8977E41A1CB89091008BFE27 /* AppDelegate.swift in Sources */ = {isa = PBXBuildFile; fileRef = 8977E4191CB89091008BFE27 /* AppDelegate.swift */; };
		8977E41C1CB89091008BFE27 /* ViewController.swift in Sources */ = {isa = PBXBuildFile; fileRef = 8977E41B1CB89091008BFE27 /* ViewController.swift */; };
		8977E41F1CB89091008BFE27 /* Main.storyboard in Resources */ = {isa = PBXBuildFile; fileRef = 8977E41D1CB89091008BFE27 /* Main.storyboard */; };
		8977E4211CB89091008BFE27 /* Assets.xcassets in Resources */ = {isa = PBXBuildFile; fileRef = 8977E4201CB89091008BFE27 /* Assets.xcassets */; };
		8977E4241CB89091008BFE27 /* LaunchScreen.storyboard in Resources */ = {isa = PBXBuildFile; fileRef = 8977E4221CB89091008BFE27 /* LaunchScreen.storyboard */; };
		8977E42F1CB89091008BFE27 /* spequalTests.swift in Sources */ = {isa = PBXBuildFile; fileRef = 8977E42E1CB89091008BFE27 /* spequalTests.swift */; };
		8977E43A1CB89091008BFE27 /* spequalUITests.swift in Sources */ = {isa = PBXBuildFile; fileRef = 8977E4391CB89091008BFE27 /* spequalUITests.swift */; };
		BFC9D98D1CB8AAF60002AE62 /* SQVoiceDetection.swift in Sources */ = {isa = PBXBuildFile; fileRef = BFC9D98C1CB8AAF60002AE62 /* SQVoiceDetection.swift */; };
		BFC9D98F1CB8AD8E0002AE62 /* SQMainViewController.swift in Sources */ = {isa = PBXBuildFile; fileRef = BFC9D98E1CB8AD8E0002AE62 /* SQMainViewController.swift */; };
		BFDB71EF1CB894A500356F1B /* SQPitchDetection.swift in Sources */ = {isa = PBXBuildFile; fileRef = BFDB71EE1CB894A500356F1B /* SQPitchDetection.swift */; };
		CBB9381746E4A3F251DF0857 /* Pods_spequal.framework in Frameworks */ = {isa = PBXBuildFile; fileRef = D1EFC7A0DD30825F1D0236E2 /* Pods_spequal.framework */; };
/* End PBXBuildFile section */

/* Begin PBXContainerItemProxy section */
		8977E42B1CB89091008BFE27 /* PBXContainerItemProxy */ = {
			isa = PBXContainerItemProxy;
			containerPortal = 8977E40E1CB89091008BFE27 /* Project object */;
			proxyType = 1;
			remoteGlobalIDString = 8977E4151CB89091008BFE27;
			remoteInfo = spequal;
		};
		8977E4361CB89091008BFE27 /* PBXContainerItemProxy */ = {
			isa = PBXContainerItemProxy;
			containerPortal = 8977E40E1CB89091008BFE27 /* Project object */;
			proxyType = 1;
			remoteGlobalIDString = 8977E4151CB89091008BFE27;
			remoteInfo = spequal;
		};
/* End PBXContainerItemProxy section */

/* Begin PBXFileReference section */
		4E725459540679AD8B476378 /* Pods-spequal.release.xcconfig */ = {isa = PBXFileReference; includeInIndex = 1; lastKnownFileType = text.xcconfig; name = "Pods-spequal.release.xcconfig"; path = "Pods/Target Support Files/Pods-spequal/Pods-spequal.release.xcconfig"; sourceTree = "<group>"; };
		8977E4161CB89091008BFE27 /* spequal.app */ = {isa = PBXFileReference; explicitFileType = wrapper.application; includeInIndex = 0; path = spequal.app; sourceTree = BUILT_PRODUCTS_DIR; };
		8977E4191CB89091008BFE27 /* AppDelegate.swift */ = {isa = PBXFileReference; lastKnownFileType = sourcecode.swift; path = AppDelegate.swift; sourceTree = "<group>"; };
		8977E41B1CB89091008BFE27 /* ViewController.swift */ = {isa = PBXFileReference; lastKnownFileType = sourcecode.swift; path = ViewController.swift; sourceTree = "<group>"; };
		8977E41E1CB89091008BFE27 /* Base */ = {isa = PBXFileReference; lastKnownFileType = file.storyboard; name = Base; path = Base.lproj/Main.storyboard; sourceTree = "<group>"; };
		8977E4201CB89091008BFE27 /* Assets.xcassets */ = {isa = PBXFileReference; lastKnownFileType = folder.assetcatalog; path = Assets.xcassets; sourceTree = "<group>"; };
		8977E4231CB89091008BFE27 /* Base */ = {isa = PBXFileReference; lastKnownFileType = file.storyboard; name = Base; path = Base.lproj/LaunchScreen.storyboard; sourceTree = "<group>"; };
		8977E4251CB89091008BFE27 /* Info.plist */ = {isa = PBXFileReference; lastKnownFileType = text.plist.xml; path = Info.plist; sourceTree = "<group>"; };
		8977E42A1CB89091008BFE27 /* spequalTests.xctest */ = {isa = PBXFileReference; explicitFileType = wrapper.cfbundle; includeInIndex = 0; path = spequalTests.xctest; sourceTree = BUILT_PRODUCTS_DIR; };
		8977E42E1CB89091008BFE27 /* spequalTests.swift */ = {isa = PBXFileReference; lastKnownFileType = sourcecode.swift; path = spequalTests.swift; sourceTree = "<group>"; };
		8977E4301CB89091008BFE27 /* Info.plist */ = {isa = PBXFileReference; lastKnownFileType = text.plist.xml; path = Info.plist; sourceTree = "<group>"; };
		8977E4351CB89091008BFE27 /* spequalUITests.xctest */ = {isa = PBXFileReference; explicitFileType = wrapper.cfbundle; includeInIndex = 0; path = spequalUITests.xctest; sourceTree = BUILT_PRODUCTS_DIR; };
		8977E4391CB89091008BFE27 /* spequalUITests.swift */ = {isa = PBXFileReference; lastKnownFileType = sourcecode.swift; path = spequalUITests.swift; sourceTree = "<group>"; };
		8977E43B1CB89091008BFE27 /* Info.plist */ = {isa = PBXFileReference; lastKnownFileType = text.plist.xml; path = Info.plist; sourceTree = "<group>"; };
		B574BA33AC3740E13B4896D1 /* Pods-spequal.debug.xcconfig */ = {isa = PBXFileReference; includeInIndex = 1; lastKnownFileType = text.xcconfig; name = "Pods-spequal.debug.xcconfig"; path = "Pods/Target Support Files/Pods-spequal/Pods-spequal.debug.xcconfig"; sourceTree = "<group>"; };
		BFC9D98C1CB8AAF60002AE62 /* SQVoiceDetection.swift */ = {isa = PBXFileReference; fileEncoding = 4; lastKnownFileType = sourcecode.swift; path = SQVoiceDetection.swift; sourceTree = "<group>"; };
		BFC9D98E1CB8AD8E0002AE62 /* SQMainViewController.swift */ = {isa = PBXFileReference; fileEncoding = 4; lastKnownFileType = sourcecode.swift; path = SQMainViewController.swift; sourceTree = "<group>"; };
		BFDB71EE1CB894A500356F1B /* SQPitchDetection.swift */ = {isa = PBXFileReference; fileEncoding = 4; lastKnownFileType = sourcecode.swift; path = SQPitchDetection.swift; sourceTree = "<group>"; };
		D1EFC7A0DD30825F1D0236E2 /* Pods_spequal.framework */ = {isa = PBXFileReference; explicitFileType = wrapper.framework; includeInIndex = 0; path = Pods_spequal.framework; sourceTree = BUILT_PRODUCTS_DIR; };
/* End PBXFileReference section */

/* Begin PBXFrameworksBuildPhase section */
		8977E4131CB89091008BFE27 /* Frameworks */ = {
			isa = PBXFrameworksBuildPhase;
			buildActionMask = 2147483647;
			files = (
				CBB9381746E4A3F251DF0857 /* Pods_spequal.framework in Frameworks */,
			);
			runOnlyForDeploymentPostprocessing = 0;
		};
		8977E4271CB89091008BFE27 /* Frameworks */ = {
			isa = PBXFrameworksBuildPhase;
			buildActionMask = 2147483647;
			files = (
			);
			runOnlyForDeploymentPostprocessing = 0;
		};
		8977E4321CB89091008BFE27 /* Frameworks */ = {
			isa = PBXFrameworksBuildPhase;
			buildActionMask = 2147483647;
			files = (
			);
			runOnlyForDeploymentPostprocessing = 0;
		};
/* End PBXFrameworksBuildPhase section */

/* Begin PBXGroup section */
		870FC7DCF7EAE23D8026AB6F /* Frameworks */ = {
			isa = PBXGroup;
			children = (
				D1EFC7A0DD30825F1D0236E2 /* Pods_spequal.framework */,
			);
			name = Frameworks;
			sourceTree = "<group>";
		};
		8977E40D1CB89091008BFE27 = {
			isa = PBXGroup;
			children = (
				8977E4181CB89091008BFE27 /* spequal */,
				8977E42D1CB89091008BFE27 /* spequalTests */,
				8977E4381CB89091008BFE27 /* spequalUITests */,
				8977E4171CB89091008BFE27 /* Products */,
				DE34EBA8DFDBD5A916D47599 /* Pods */,
				870FC7DCF7EAE23D8026AB6F /* Frameworks */,
			);
			sourceTree = "<group>";
		};
		8977E4171CB89091008BFE27 /* Products */ = {
			isa = PBXGroup;
			children = (
				8977E4161CB89091008BFE27 /* spequal.app */,
				8977E42A1CB89091008BFE27 /* spequalTests.xctest */,
				8977E4351CB89091008BFE27 /* spequalUITests.xctest */,
			);
			name = Products;
			sourceTree = "<group>";
		};
		8977E4181CB89091008BFE27 /* spequal */ = {
			isa = PBXGroup;
			children = (
				8977E4191CB89091008BFE27 /* AppDelegate.swift */,
				8977E41B1CB89091008BFE27 /* ViewController.swift */,
				BFC9D98E1CB8AD8E0002AE62 /* SQMainViewController.swift */,
				BFDB71EE1CB894A500356F1B /* SQPitchDetection.swift */,
				BFC9D98C1CB8AAF60002AE62 /* SQVoiceDetection.swift */,
				8977E41D1CB89091008BFE27 /* Main.storyboard */,
				8977E4201CB89091008BFE27 /* Assets.xcassets */,
				8977E4221CB89091008BFE27 /* LaunchScreen.storyboard */,
				8977E4251CB89091008BFE27 /* Info.plist */,
			);
			path = spequal;
			sourceTree = "<group>";
		};
		8977E42D1CB89091008BFE27 /* spequalTests */ = {
			isa = PBXGroup;
			children = (
				8977E42E1CB89091008BFE27 /* spequalTests.swift */,
				8977E4301CB89091008BFE27 /* Info.plist */,
			);
			path = spequalTests;
			sourceTree = "<group>";
		};
		8977E4381CB89091008BFE27 /* spequalUITests */ = {
			isa = PBXGroup;
			children = (
				8977E4391CB89091008BFE27 /* spequalUITests.swift */,
				8977E43B1CB89091008BFE27 /* Info.plist */,
			);
			path = spequalUITests;
			sourceTree = "<group>";
		};
		DE34EBA8DFDBD5A916D47599 /* Pods */ = {
			isa = PBXGroup;
			children = (
				B574BA33AC3740E13B4896D1 /* Pods-spequal.debug.xcconfig */,
				4E725459540679AD8B476378 /* Pods-spequal.release.xcconfig */,
			);
			name = Pods;
			sourceTree = "<group>";
		};
/* End PBXGroup section */

/* Begin PBXNativeTarget section */
		8977E4151CB89091008BFE27 /* spequal */ = {
			isa = PBXNativeTarget;
			buildConfigurationList = 8977E43E1CB89091008BFE27 /* Build configuration list for PBXNativeTarget "spequal" */;
			buildPhases = (
				8D9F6EED986F2CEF0E96B1D4 /* Check Pods Manifest.lock */,
				8977E4121CB89091008BFE27 /* Sources */,
				8977E4131CB89091008BFE27 /* Frameworks */,
				8977E4141CB89091008BFE27 /* Resources */,
				2CE1B248E5953EBFE74309C7 /* Embed Pods Frameworks */,
				12B2AB3BCA0A8204B3289DF1 /* Copy Pods Resources */,
			);
			buildRules = (
			);
			dependencies = (
			);
			name = spequal;
			productName = spequal;
			productReference = 8977E4161CB89091008BFE27 /* spequal.app */;
			productType = "com.apple.product-type.application";
		};
		8977E4291CB89091008BFE27 /* spequalTests */ = {
			isa = PBXNativeTarget;
			buildConfigurationList = 8977E4411CB89091008BFE27 /* Build configuration list for PBXNativeTarget "spequalTests" */;
			buildPhases = (
				8977E4261CB89091008BFE27 /* Sources */,
				8977E4271CB89091008BFE27 /* Frameworks */,
				8977E4281CB89091008BFE27 /* Resources */,
			);
			buildRules = (
			);
			dependencies = (
				8977E42C1CB89091008BFE27 /* PBXTargetDependency */,
			);
			name = spequalTests;
			productName = spequalTests;
			productReference = 8977E42A1CB89091008BFE27 /* spequalTests.xctest */;
			productType = "com.apple.product-type.bundle.unit-test";
		};
		8977E4341CB89091008BFE27 /* spequalUITests */ = {
			isa = PBXNativeTarget;
			buildConfigurationList = 8977E4441CB89091008BFE27 /* Build configuration list for PBXNativeTarget "spequalUITests" */;
			buildPhases = (
				8977E4311CB89091008BFE27 /* Sources */,
				8977E4321CB89091008BFE27 /* Frameworks */,
				8977E4331CB89091008BFE27 /* Resources */,
			);
			buildRules = (
			);
			dependencies = (
				8977E4371CB89091008BFE27 /* PBXTargetDependency */,
			);
			name = spequalUITests;
			productName = spequalUITests;
			productReference = 8977E4351CB89091008BFE27 /* spequalUITests.xctest */;
			productType = "com.apple.product-type.bundle.ui-testing";
		};
/* End PBXNativeTarget section */

/* Begin PBXProject section */
		8977E40E1CB89091008BFE27 /* Project object */ = {
			isa = PBXProject;
			attributes = {
				LastSwiftUpdateCheck = 0730;
				LastUpgradeCheck = 0730;
				ORGANIZATIONNAME = "Lauren Caponong";
				TargetAttributes = {
					8977E4151CB89091008BFE27 = {
						CreatedOnToolsVersion = 7.3;
					};
					8977E4291CB89091008BFE27 = {
						CreatedOnToolsVersion = 7.3;
						TestTargetID = 8977E4151CB89091008BFE27;
					};
					8977E4341CB89091008BFE27 = {
						CreatedOnToolsVersion = 7.3;
						TestTargetID = 8977E4151CB89091008BFE27;
					};
				};
			};
			buildConfigurationList = 8977E4111CB89091008BFE27 /* Build configuration list for PBXProject "spequal" */;
			compatibilityVersion = "Xcode 3.2";
			developmentRegion = English;
			hasScannedForEncodings = 0;
			knownRegions = (
				en,
				Base,
			);
			mainGroup = 8977E40D1CB89091008BFE27;
			productRefGroup = 8977E4171CB89091008BFE27 /* Products */;
			projectDirPath = "";
			projectRoot = "";
			targets = (
				8977E4151CB89091008BFE27 /* spequal */,
				8977E4291CB89091008BFE27 /* spequalTests */,
				8977E4341CB89091008BFE27 /* spequalUITests */,
			);
		};
/* End PBXProject section */

/* Begin PBXResourcesBuildPhase section */
		8977E4141CB89091008BFE27 /* Resources */ = {
			isa = PBXResourcesBuildPhase;
			buildActionMask = 2147483647;
			files = (
				8977E4241CB89091008BFE27 /* LaunchScreen.storyboard in Resources */,
				8977E4211CB89091008BFE27 /* Assets.xcassets in Resources */,
				8977E41F1CB89091008BFE27 /* Main.storyboard in Resources */,
			);
			runOnlyForDeploymentPostprocessing = 0;
		};
		8977E4281CB89091008BFE27 /* Resources */ = {
			isa = PBXResourcesBuildPhase;
			buildActionMask = 2147483647;
			files = (
			);
			runOnlyForDeploymentPostprocessing = 0;
		};
		8977E4331CB89091008BFE27 /* Resources */ = {
			isa = PBXResourcesBuildPhase;
			buildActionMask = 2147483647;
			files = (
			);
			runOnlyForDeploymentPostprocessing = 0;
		};
/* End PBXResourcesBuildPhase section */

/* Begin PBXShellScriptBuildPhase section */
		12B2AB3BCA0A8204B3289DF1 /* Copy Pods Resources */ = {
			isa = PBXShellScriptBuildPhase;
			buildActionMask = 2147483647;
			files = (
			);
			inputPaths = (
			);
			name = "Copy Pods Resources";
			outputPaths = (
			);
			runOnlyForDeploymentPostprocessing = 0;
			shellPath = /bin/sh;
			shellScript = "\"${SRCROOT}/Pods/Target Support Files/Pods-spequal/Pods-spequal-resources.sh\"\n";
			showEnvVarsInLog = 0;
		};
		2CE1B248E5953EBFE74309C7 /* Embed Pods Frameworks */ = {
			isa = PBXShellScriptBuildPhase;
			buildActionMask = 2147483647;
			files = (
			);
			inputPaths = (
			);
			name = "Embed Pods Frameworks";
			outputPaths = (
			);
			runOnlyForDeploymentPostprocessing = 0;
			shellPath = /bin/sh;
			shellScript = "\"${SRCROOT}/Pods/Target Support Files/Pods-spequal/Pods-spequal-frameworks.sh\"\n";
			showEnvVarsInLog = 0;
		};
		8D9F6EED986F2CEF0E96B1D4 /* Check Pods Manifest.lock */ = {
			isa = PBXShellScriptBuildPhase;
			buildActionMask = 2147483647;
			files = (
			);
			inputPaths = (
			);
			name = "Check Pods Manifest.lock";
			outputPaths = (
			);
			runOnlyForDeploymentPostprocessing = 0;
			shellPath = /bin/sh;
			shellScript = "diff \"${PODS_ROOT}/../Podfile.lock\" \"${PODS_ROOT}/Manifest.lock\" > /dev/null\nif [[ $? != 0 ]] ; then\n    cat << EOM\nerror: The sandbox is not in sync with the Podfile.lock. Run 'pod install' or update your CocoaPods installation.\nEOM\n    exit 1\nfi\n";
			showEnvVarsInLog = 0;
		};
/* End PBXShellScriptBuildPhase section */

/* Begin PBXSourcesBuildPhase section */
		8977E4121CB89091008BFE27 /* Sources */ = {
			isa = PBXSourcesBuildPhase;
			buildActionMask = 2147483647;
			files = (
				BFC9D98F1CB8AD8E0002AE62 /* SQMainViewController.swift in Sources */,
				BFDB71EF1CB894A500356F1B /* SQPitchDetection.swift in Sources */,
				8977E41C1CB89091008BFE27 /* ViewController.swift in Sources */,
				BFC9D98D1CB8AAF60002AE62 /* SQVoiceDetection.swift in Sources */,
				8977E41A1CB89091008BFE27 /* AppDelegate.swift in Sources */,
			);
			runOnlyForDeploymentPostprocessing = 0;
		};
		8977E4261CB89091008BFE27 /* Sources */ = {
			isa = PBXSourcesBuildPhase;
			buildActionMask = 2147483647;
			files = (
				8977E42F1CB89091008BFE27 /* spequalTests.swift in Sources */,
			);
			runOnlyForDeploymentPostprocessing = 0;
		};
		8977E4311CB89091008BFE27 /* Sources */ = {
			isa = PBXSourcesBuildPhase;
			buildActionMask = 2147483647;
			files = (
				8977E43A1CB89091008BFE27 /* spequalUITests.swift in Sources */,
			);
			runOnlyForDeploymentPostprocessing = 0;
		};
/* End PBXSourcesBuildPhase section */

/* Begin PBXTargetDependency section */
		8977E42C1CB89091008BFE27 /* PBXTargetDependency */ = {
			isa = PBXTargetDependency;
			target = 8977E4151CB89091008BFE27 /* spequal */;
			targetProxy = 8977E42B1CB89091008BFE27 /* PBXContainerItemProxy */;
		};
		8977E4371CB89091008BFE27 /* PBXTargetDependency */ = {
			isa = PBXTargetDependency;
			target = 8977E4151CB89091008BFE27 /* spequal */;
			targetProxy = 8977E4361CB89091008BFE27 /* PBXContainerItemProxy */;
		};
/* End PBXTargetDependency section */

/* Begin PBXVariantGroup section */
		8977E41D1CB89091008BFE27 /* Main.storyboard */ = {
			isa = PBXVariantGroup;
			children = (
				8977E41E1CB89091008BFE27 /* Base */,
			);
			name = Main.storyboard;
			sourceTree = "<group>";
		};
		8977E4221CB89091008BFE27 /* LaunchScreen.storyboard */ = {
			isa = PBXVariantGroup;
			children = (
				8977E4231CB89091008BFE27 /* Base */,
			);
			name = LaunchScreen.storyboard;
			sourceTree = "<group>";
		};
/* End PBXVariantGroup section */

/* Begin XCBuildConfiguration section */
		8977E43C1CB89091008BFE27 /* Debug */ = {
			isa = XCBuildConfiguration;
			buildSettings = {
				ALWAYS_SEARCH_USER_PATHS = NO;
				CLANG_ANALYZER_NONNULL = YES;
				CLANG_CXX_LANGUAGE_STANDARD = "gnu++0x";
				CLANG_CXX_LIBRARY = "libc++";
				CLANG_ENABLE_MODULES = YES;
				CLANG_ENABLE_OBJC_ARC = YES;
				CLANG_WARN_BOOL_CONVERSION = YES;
				CLANG_WARN_CONSTANT_CONVERSION = YES;
				CLANG_WARN_DIRECT_OBJC_ISA_USAGE = YES_ERROR;
				CLANG_WARN_EMPTY_BODY = YES;
				CLANG_WARN_ENUM_CONVERSION = YES;
				CLANG_WARN_INT_CONVERSION = YES;
				CLANG_WARN_OBJC_ROOT_CLASS = YES_ERROR;
				CLANG_WARN_UNREACHABLE_CODE = YES;
				CLANG_WARN__DUPLICATE_METHOD_MATCH = YES;
				"CODE_SIGN_IDENTITY[sdk=iphoneos*]" = "iPhone Developer";
				COPY_PHASE_STRIP = NO;
				DEBUG_INFORMATION_FORMAT = dwarf;
				ENABLE_STRICT_OBJC_MSGSEND = YES;
				ENABLE_TESTABILITY = YES;
				GCC_C_LANGUAGE_STANDARD = gnu99;
				GCC_DYNAMIC_NO_PIC = NO;
				GCC_NO_COMMON_BLOCKS = YES;
				GCC_OPTIMIZATION_LEVEL = 0;
				GCC_PREPROCESSOR_DEFINITIONS = (
					"DEBUG=1",
					"$(inherited)",
				);
				GCC_WARN_64_TO_32_BIT_CONVERSION = YES;
				GCC_WARN_ABOUT_RETURN_TYPE = YES_ERROR;
				GCC_WARN_UNDECLARED_SELECTOR = YES;
				GCC_WARN_UNINITIALIZED_AUTOS = YES_AGGRESSIVE;
				GCC_WARN_UNUSED_FUNCTION = YES;
				GCC_WARN_UNUSED_VARIABLE = YES;
				IPHONEOS_DEPLOYMENT_TARGET = 9.3;
				MTL_ENABLE_DEBUG_INFO = YES;
				ONLY_ACTIVE_ARCH = YES;
				SDKROOT = iphoneos;
				SWIFT_OPTIMIZATION_LEVEL = "-Onone";
			};
			name = Debug;
		};
		8977E43D1CB89091008BFE27 /* Release */ = {
			isa = XCBuildConfiguration;
			buildSettings = {
				ALWAYS_SEARCH_USER_PATHS = NO;
				CLANG_ANALYZER_NONNULL = YES;
				CLANG_CXX_LANGUAGE_STANDARD = "gnu++0x";
				CLANG_CXX_LIBRARY = "libc++";
				CLANG_ENABLE_MODULES = YES;
				CLANG_ENABLE_OBJC_ARC = YES;
				CLANG_WARN_BOOL_CONVERSION = YES;
				CLANG_WARN_CONSTANT_CONVERSION = YES;
				CLANG_WARN_DIRECT_OBJC_ISA_USAGE = YES_ERROR;
				CLANG_WARN_EMPTY_BODY = YES;
				CLANG_WARN_ENUM_CONVERSION = YES;
				CLANG_WARN_INT_CONVERSION = YES;
				CLANG_WARN_OBJC_ROOT_CLASS = YES_ERROR;
				CLANG_WARN_UNREACHABLE_CODE = YES;
				CLANG_WARN__DUPLICATE_METHOD_MATCH = YES;
				"CODE_SIGN_IDENTITY[sdk=iphoneos*]" = "iPhone Developer";
				COPY_PHASE_STRIP = NO;
				DEBUG_INFORMATION_FORMAT = "dwarf-with-dsym";
				ENABLE_NS_ASSERTIONS = NO;
				ENABLE_STRICT_OBJC_MSGSEND = YES;
				GCC_C_LANGUAGE_STANDARD = gnu99;
				GCC_NO_COMMON_BLOCKS = YES;
				GCC_WARN_64_TO_32_BIT_CONVERSION = YES;
				GCC_WARN_ABOUT_RETURN_TYPE = YES_ERROR;
				GCC_WARN_UNDECLARED_SELECTOR = YES;
				GCC_WARN_UNINITIALIZED_AUTOS = YES_AGGRESSIVE;
				GCC_WARN_UNUSED_FUNCTION = YES;
				GCC_WARN_UNUSED_VARIABLE = YES;
				IPHONEOS_DEPLOYMENT_TARGET = 9.3;
				MTL_ENABLE_DEBUG_INFO = NO;
				SDKROOT = iphoneos;
				VALIDATE_PRODUCT = YES;
			};
			name = Release;
		};
		8977E43F1CB89091008BFE27 /* Debug */ = {
			isa = XCBuildConfiguration;
			baseConfigurationReference = B574BA33AC3740E13B4896D1 /* Pods-spequal.debug.xcconfig */;
			buildSettings = {
				ASSETCATALOG_COMPILER_APPICON_NAME = AppIcon;
				INFOPLIST_FILE = spequal/Info.plist;
				LD_RUNPATH_SEARCH_PATHS = "$(inherited) @executable_path/Frameworks";
				PRODUCT_BUNDLE_IDENTIFIER = nyc.c4q.lcaponong.spequal;
				PRODUCT_NAME = "$(TARGET_NAME)";
			};
			name = Debug;
		};
		8977E4401CB89091008BFE27 /* Release */ = {
			isa = XCBuildConfiguration;
			baseConfigurationReference = 4E725459540679AD8B476378 /* Pods-spequal.release.xcconfig */;
			buildSettings = {
				ASSETCATALOG_COMPILER_APPICON_NAME = AppIcon;
				INFOPLIST_FILE = spequal/Info.plist;
				LD_RUNPATH_SEARCH_PATHS = "$(inherited) @executable_path/Frameworks";
				PRODUCT_BUNDLE_IDENTIFIER = nyc.c4q.lcaponong.spequal;
				PRODUCT_NAME = "$(TARGET_NAME)";
			};
			name = Release;
		};
		8977E4421CB89091008BFE27 /* Debug */ = {
			isa = XCBuildConfiguration;
			buildSettings = {
				BUNDLE_LOADER = "$(TEST_HOST)";
				INFOPLIST_FILE = spequalTests/Info.plist;
				LD_RUNPATH_SEARCH_PATHS = "$(inherited) @executable_path/Frameworks @loader_path/Frameworks";
				PRODUCT_BUNDLE_IDENTIFIER = nyc.c4q.lcaponong.spequalTests;
				PRODUCT_NAME = "$(TARGET_NAME)";
				TEST_HOST = "$(BUILT_PRODUCTS_DIR)/spequal.app/spequal";
			};
			name = Debug;
		};
		8977E4431CB89091008BFE27 /* Release */ = {
			isa = XCBuildConfiguration;
			buildSettings = {
				BUNDLE_LOADER = "$(TEST_HOST)";
				INFOPLIST_FILE = spequalTests/Info.plist;
				LD_RUNPATH_SEARCH_PATHS = "$(inherited) @executable_path/Frameworks @loader_path/Frameworks";
				PRODUCT_BUNDLE_IDENTIFIER = nyc.c4q.lcaponong.spequalTests;
				PRODUCT_NAME = "$(TARGET_NAME)";
				TEST_HOST = "$(BUILT_PRODUCTS_DIR)/spequal.app/spequal";
			};
			name = Release;
		};
		8977E4451CB89091008BFE27 /* Debug */ = {
			isa = XCBuildConfiguration;
			buildSettings = {
				INFOPLIST_FILE = spequalUITests/Info.plist;
				LD_RUNPATH_SEARCH_PATHS = "$(inherited) @executable_path/Frameworks @loader_path/Frameworks";
				PRODUCT_BUNDLE_IDENTIFIER = nyc.c4q.lcaponong.spequalUITests;
				PRODUCT_NAME = "$(TARGET_NAME)";
				TEST_TARGET_NAME = spequal;
			};
			name = Debug;
		};
		8977E4461CB89091008BFE27 /* Release */ = {
			isa = XCBuildConfiguration;
			buildSettings = {
				INFOPLIST_FILE = spequalUITests/Info.plist;
				LD_RUNPATH_SEARCH_PATHS = "$(inherited) @executable_path/Frameworks @loader_path/Frameworks";
				PRODUCT_BUNDLE_IDENTIFIER = nyc.c4q.lcaponong.spequalUITests;
				PRODUCT_NAME = "$(TARGET_NAME)";
				TEST_TARGET_NAME = spequal;
			};
			name = Release;
		};
/* End XCBuildConfiguration section */

/* Begin XCConfigurationList section */
		8977E4111CB89091008BFE27 /* Build configuration list for PBXProject "spequal" */ = {
			isa = XCConfigurationList;
			buildConfigurations = (
				8977E43C1CB89091008BFE27 /* Debug */,
				8977E43D1CB89091008BFE27 /* Release */,
			);
			defaultConfigurationIsVisible = 0;
			defaultConfigurationName = Release;
		};
		8977E43E1CB89091008BFE27 /* Build configuration list for PBXNativeTarget "spequal" */ = {
			isa = XCConfigurationList;
			buildConfigurations = (
				8977E43F1CB89091008BFE27 /* Debug */,
				8977E4401CB89091008BFE27 /* Release */,
			);
			defaultConfigurationIsVisible = 0;
			defaultConfigurationName = Release;
		};
		8977E4411CB89091008BFE27 /* Build configuration list for PBXNativeTarget "spequalTests" */ = {
			isa = XCConfigurationList;
			buildConfigurations = (
				8977E4421CB89091008BFE27 /* Debug */,
				8977E4431CB89091008BFE27 /* Release */,
			);
			defaultConfigurationIsVisible = 0;
			defaultConfigurationName = Release;
		};
		8977E4441CB89091008BFE27 /* Build configuration list for PBXNativeTarget "spequalUITests" */ = {
			isa = XCConfigurationList;
			buildConfigurations = (
				8977E4451CB89091008BFE27 /* Debug */,
				8977E4461CB89091008BFE27 /* Release */,
			);
			defaultConfigurationIsVisible = 0;
			defaultConfigurationName = Release;
		};
/* End XCConfigurationList section */
	};
	rootObject = 8977E40E1CB89091008BFE27 /* Project object */;
}
